
Microsoft Visual Studio Solution File, Format Version 12.00
# Visual Studio 15
VisualStudioVersion = 15.0.28010.2048
MinimumVisualStudioVersion = 10.0.40219.1
Project("{FAE04EC0-301F-11D3-BF4B-00C04F79EFBC}") = "MatchingPairsGame", "MatchingPairsGame\MatchingPairsGame.csproj", "{184CE54D-A58B-41FA-9E1A-62B20A1A5CA7}"
EndProject
Global
	GlobalSection(SolutionConfigurationPlatforms) = preSolution
		Debug|Any CPU = Debug|Any CPU
		Release|Any CPU = Release|Any CPU
	EndGlobalSection
	GlobalSection(ProjectConfigurationPlatforms) = postSolution
		{184CE54D-A58B-41FA-9E1A-62B20A1A5CA7}.Debug|Any CPU.ActiveCfg = Debug|Any CPU
		{184CE54D-A58B-41FA-9E1A-62B20A1A5CA7}.Debug|Any CPU.Build.0 = Debug|Any CPU
		{184CE54D-A58B-41FA-9E1A-62B20A1A5CA7}.Release|Any CPU.ActiveCfg = Release|Any CPU
		{184CE54D-A58B-41FA-9E1A-62B20A1A5CA7}.Release|Any CPU.Build.0 = Release|Any CPU
	EndGlobalSection
	GlobalSection(SolutionProperties) = preSolution
		HideSolutionNode = FALSE
	EndGlobalSection
	GlobalSection(ExtensibilityGlobals) = postSolution
		SolutionGuid = {F0011C0C-2C51-4AF3-935E-591FE9FAD8AA}
	EndGlobalSection
EndGlobal
